
Microsoft Visual Studio Solution File, Format Version 12.00
Project("{FAE04EC0-301F-11D3-BF4B-00C04F79EFBC}") = "CourseWorkMuseum", "CourseWorkMuseum\CourseWorkMuseum.csproj", "{B2C3C1F9-598F-462C-808D-1CB2AC80A642}"
EndProject
Project("{FAE04EC0-301F-11D3-BF4B-00C04F79EFBC}") = "CourseWorkMuseumBlazorApp", "CourseWorkMuseumBlazorApp\CourseWorkMuseumBlazorApp.csproj", "{D8A0FC46-8EAE-41E4-A024-5BFA6803EF28}"
EndProject
Project("{FAE04EC0-301F-11D3-BF4B-00C04F79EFBC}") = "Mirror", "Mirror\Mirror.csproj", "{31DCBE5C-7ACD-46E0-9719-E40D5E9CDFBC}"
EndProject
Global
	GlobalSection(SolutionConfigurationPlatforms) = preSolution
		Debug|Any CPU = Debug|Any CPU
		Release|Any CPU = Release|Any CPU
	EndGlobalSection
	GlobalSection(ProjectConfigurationPlatforms) = postSolution
		{B2C3C1F9-598F-462C-808D-1CB2AC80A642}.Debug|Any CPU.ActiveCfg = Debug|Any CPU
		{B2C3C1F9-598F-462C-808D-1CB2AC80A642}.Debug|Any CPU.Build.0 = Debug|Any CPU
		{B2C3C1F9-598F-462C-808D-1CB2AC80A642}.Release|Any CPU.ActiveCfg = Release|Any CPU
		{B2C3C1F9-598F-462C-808D-1CB2AC80A642}.Release|Any CPU.Build.0 = Release|Any CPU
		{D8A0FC46-8EAE-41E4-A024-5BFA6803EF28}.Debug|Any CPU.ActiveCfg = Debug|Any CPU
		{D8A0FC46-8EAE-41E4-A024-5BFA6803EF28}.Debug|Any CPU.Build.0 = Debug|Any CPU
		{D8A0FC46-8EAE-41E4-A024-5BFA6803EF28}.Release|Any CPU.ActiveCfg = Release|Any CPU
		{D8A0FC46-8EAE-41E4-A024-5BFA6803EF28}.Release|Any CPU.Build.0 = Release|Any CPU
		{31DCBE5C-7ACD-46E0-9719-E40D5E9CDFBC}.Debug|Any CPU.ActiveCfg = Debug|Any CPU
		{31DCBE5C-7ACD-46E0-9719-E40D5E9CDFBC}.Debug|Any CPU.Build.0 = Debug|Any CPU
		{31DCBE5C-7ACD-46E0-9719-E40D5E9CDFBC}.Release|Any CPU.ActiveCfg = Release|Any CPU
		{31DCBE5C-7ACD-46E0-9719-E40D5E9CDFBC}.Release|Any CPU.Build.0 = Release|Any CPU
	EndGlobalSection
EndGlobal
